// !$*UTF8*$!
{
	archiveVersion = 1;
	classes = {
	};
	objectVersion = 50;
	objects = {

/* Begin PBXBuildFile section */
		DDEC81AD21D4D1FF00F93C29 /* AppDelegate.swift in Sources */ = {isa = PBXBuildFile; fileRef = DDEC81AC21D4D1FF00F93C29 /* AppDelegate.swift */; };
		DDEC81AF21D4D1FF00F93C29 /* ViewController.swift in Sources */ = {isa = PBXBuildFile; fileRef = DDEC81AE21D4D1FF00F93C29 /* ViewController.swift */; };
		DDEC81B221D4D20000F93C29 /* Main.storyboard in Resources */ = {isa = PBXBuildFile; fileRef = DDEC81B021D4D20000F93C29 /* Main.storyboard */; };
		DDEC81B421D4D20800F93C29 /* Assets.xcassets in Resources */ = {isa = PBXBuildFile; fileRef = DDEC81B321D4D20800F93C29 /* Assets.xcassets */; };
		DDEC81B721D4D20800F93C29 /* LaunchScreen.storyboard in Resources */ = {isa = PBXBuildFile; fileRef = DDEC81B521D4D20800F93C29 /* LaunchScreen.storyboard */; };
		DDEC81C221D4D20800F93C29 /* SampleTests.swift in Sources */ = {isa = PBXBuildFile; fileRef = DDEC81C121D4D20800F93C29 /* SampleTests.swift */; };
		DDEC81CD21D4D20900F93C29 /* SampleUITests.swift in Sources */ = {isa = PBXBuildFile; fileRef = DDEC81CC21D4D20900F93C29 /* SampleUITests.swift */; };
/* End PBXBuildFile section */

/* Begin PBXContainerItemProxy section */
		DDEC81BE21D4D20800F93C29 /* PBXContainerItemProxy */ = {
			isa = PBXContainerItemProxy;
			containerPortal = DDEC81A121D4D1FF00F93C29 /* Project object */;
			proxyType = 1;
			remoteGlobalIDString = DDEC81A821D4D1FF00F93C29;
			remoteInfo = Sample;
		};
		DDEC81C921D4D20900F93C29 /* PBXContainerItemProxy */ = {
			isa = PBXContainerItemProxy;
			containerPortal = DDEC81A121D4D1FF00F93C29 /* Project object */;
			proxyType = 1;
			remoteGlobalIDString = DDEC81A821D4D1FF00F93C29;
			remoteInfo = Sample;
		};
/* End PBXContainerItemProxy section */

/* Begin PBXFileReference section */
		DDEC81A921D4D1FF00F93C29 /* Sample.app */ = {isa = PBXFileReference; explicitFileType = wrapper.application; includeInIndex = 0; path = Sample.app; sourceTree = BUILT_PRODUCTS_DIR; };
		DDEC81AC21D4D1FF00F93C29 /* AppDelegate.swift */ = {isa = PBXFileReference; lastKnownFileType = sourcecode.swift; path = AppDelegate.swift; sourceTree = "<group>"; };
		DDEC81AE21D4D1FF00F93C29 /* ViewController.swift */ = {isa = PBXFileReference; lastKnownFileType = sourcecode.swift; path = ViewController.swift; sourceTree = "<group>"; };
		DDEC81B121D4D20000F93C29 /* Base */ = {isa = PBXFileReference; lastKnownFileType = file.storyboard; name = Base; path = Base.lproj/Main.storyboard; sourceTree = "<group>"; };
		DDEC81B321D4D20800F93C29 /* Assets.xcassets */ = {isa = PBXFileReference; lastKnownFileType = folder.assetcatalog; path = Assets.xcassets; sourceTree = "<group>"; };
		DDEC81B621D4D20800F93C29 /* Base */ = {isa = PBXFileReference; lastKnownFileType = file.storyboard; name = Base; path = Base.lproj/LaunchScreen.storyboard; sourceTree = "<group>"; };
		DDEC81B821D4D20800F93C29 /* Info.plist */ = {isa = PBXFileReference; lastKnownFileType = text.plist.xml; path = Info.plist; sourceTree = "<group>"; };
		DDEC81BD21D4D20800F93C29 /* SampleTests.xctest */ = {isa = PBXFileReference; explicitFileType = wrapper.cfbundle; includeInIndex = 0; path = SampleTests.xctest; sourceTree = BUILT_PRODUCTS_DIR; };
		DDEC81C121D4D20800F93C29 /* SampleTests.swift */ = {isa = PBXFileReference; lastKnownFileType = sourcecode.swift; path = SampleTests.swift; sourceTree = "<group>"; };
		DDEC81C321D4D20900F93C29 /* Info.plist */ = {isa = PBXFileReference; lastKnownFileType = text.plist.xml; path = Info.plist; sourceTree = "<group>"; };
		DDEC81C821D4D20900F93C29 /* SampleUITests.xctest */ = {isa = PBXFileReference; explicitFileType = wrapper.cfbundle; includeInIndex = 0; path = SampleUITests.xctest; sourceTree = BUILT_PRODUCTS_DIR; };
		DDEC81CC21D4D20900F93C29 /* SampleUITests.swift */ = {isa = PBXFileReference; lastKnownFileType = sourcecode.swift; path = SampleUITests.swift; sourceTree = "<group>"; };
		DDEC81CE21D4D20900F93C29 /* Info.plist */ = {isa = PBXFileReference; lastKnownFileType = text.plist.xml; path = Info.plist; sourceTree = "<group>"; };
/* End PBXFileReference section */

/* Begin PBXFrameworksBuildPhase section */
		DDEC81A621D4D1FF00F93C29 /* Frameworks */ = {
			isa = PBXFrameworksBuildPhase;
			buildActionMask = 2147483647;
			files = (
			);
			runOnlyForDeploymentPostprocessing = 0;
		};
		DDEC81BA21D4D20800F93C29 /* Frameworks */ = {
			isa = PBXFrameworksBuildPhase;
			buildActionMask = 2147483647;
			files = (
			);
			runOnlyForDeploymentPostprocessing = 0;
		};
		DDEC81C521D4D20900F93C29 /* Frameworks */ = {
			isa = PBXFrameworksBuildPhase;
			buildActionMask = 2147483647;
			files = (
			);
			runOnlyForDeploymentPostprocessing = 0;
		};
/* End PBXFrameworksBuildPhase section */

/* Begin PBXGroup section */
		DDEC81A021D4D1FF00F93C29 = {
			isa = PBXGroup;
			children = (
				DDEC81AB21D4D1FF00F93C29 /* Sample */,
				DDEC81C021D4D20800F93C29 /* SampleTests */,
				DDEC81CB21D4D20900F93C29 /* SampleUITests */,
				DDEC81AA21D4D1FF00F93C29 /* Products */,
			);
			sourceTree = "<group>";
		};
		DDEC81AA21D4D1FF00F93C29 /* Products */ = {
			isa = PBXGroup;
			children = (
				DDEC81A921D4D1FF00F93C29 /* Sample.app */,
				DDEC81BD21D4D20800F93C29 /* SampleTests.xctest */,
				DDEC81C821D4D20900F93C29 /* SampleUITests.xctest */,
			);
			name = Products;
			sourceTree = "<group>";
		};
		DDEC81AB21D4D1FF00F93C29 /* Sample */ = {
			isa = PBXGroup;
			children = (
				DDEC81AC21D4D1FF00F93C29 /* AppDelegate.swift */,
				DDEC81AE21D4D1FF00F93C29 /* ViewController.swift */,
				DDEC81B021D4D20000F93C29 /* Main.storyboard */,
				DDEC81B321D4D20800F93C29 /* Assets.xcassets */,
				DDEC81B521D4D20800F93C29 /* LaunchScreen.storyboard */,
				DDEC81B821D4D20800F93C29 /* Info.plist */,
			);
			path = Sample;
			sourceTree = "<group>";
		};
		DDEC81C021D4D20800F93C29 /* SampleTests */ = {
			isa = PBXGroup;
			children = (
				DDEC81C121D4D20800F93C29 /* SampleTests.swift */,
				DDEC81C321D4D20900F93C29 /* Info.plist */,
			);
			path = SampleTests;
			sourceTree = "<group>";
		};
		DDEC81CB21D4D20900F93C29 /* SampleUITests */ = {
			isa = PBXGroup;
			children = (
				DDEC81CC21D4D20900F93C29 /* SampleUITests.swift */,
				DDEC81CE21D4D20900F93C29 /* Info.plist */,
			);
			path = SampleUITests;
			sourceTree = "<group>";
		};
/* End PBXGroup section */

/* Begin PBXNativeTarget section */
		DDEC81A821D4D1FF00F93C29 /* Sample */ = {
			isa = PBXNativeTarget;
			buildConfigurationList = DDEC81D121D4D20900F93C29 /* Build configuration list for PBXNativeTarget "Sample" */;
			buildPhases = (
				DDEC81A521D4D1FF00F93C29 /* Sources */,
				DDEC81A621D4D1FF00F93C29 /* Frameworks */,
				DDEC81A721D4D1FF00F93C29 /* Resources */,
			);
			buildRules = (
			);
			dependencies = (
			);
			name = Sample;
			productName = Sample;
			productReference = DDEC81A921D4D1FF00F93C29 /* Sample.app */;
			productType = "com.apple.product-type.application";
		};
		DDEC81BC21D4D20800F93C29 /* SampleTests */ = {
			isa = PBXNativeTarget;
			buildConfigurationList = DDEC81D421D4D20900F93C29 /* Build configuration list for PBXNativeTarget "SampleTests" */;
			buildPhases = (
				DDEC81B921D4D20800F93C29 /* Sources */,
				DDEC81BA21D4D20800F93C29 /* Frameworks */,
				DDEC81BB21D4D20800F93C29 /* Resources */,
			);
			buildRules = (
			);
			dependencies = (
				DDEC81BF21D4D20800F93C29 /* PBXTargetDependency */,
			);
			name = SampleTests;
			productName = SampleTests;
			productReference = DDEC81BD21D4D20800F93C29 /* SampleTests.xctest */;
			productType = "com.apple.product-type.bundle.unit-test";
		};
		DDEC81C721D4D20900F93C29 /* SampleUITests */ = {
			isa = PBXNativeTarget;
			buildConfigurationList = DDEC81D721D4D20900F93C29 /* Build configuration list for PBXNativeTarget "SampleUITests" */;
			buildPhases = (
				DDEC81C421D4D20900F93C29 /* Sources */,
				DDEC81C521D4D20900F93C29 /* Frameworks */,
				DDEC81C621D4D20900F93C29 /* Resources */,
			);
			buildRules = (
			);
			dependencies = (
				DDEC81CA21D4D20900F93C29 /* PBXTargetDependency */,
			);
			name = SampleUITests;
			productName = SampleUITests;
			productReference = DDEC81C821D4D20900F93C29 /* SampleUITests.xctest */;
			productType = "com.apple.product-type.bundle.ui-testing";
		};
/* End PBXNativeTarget section */

/* Begin PBXProject section */
		DDEC81A121D4D1FF00F93C29 /* Project object */ = {
			isa = PBXProject;
			attributes = {
				LastSwiftUpdateCheck = 1010;
				LastUpgradeCheck = 1010;
				ORGANIZATIONNAME = "Adattiri, Ramya (Cognizant)";
				TargetAttributes = {
					DDEC81A821D4D1FF00F93C29 = {
						CreatedOnToolsVersion = 10.1;
					};
					DDEC81BC21D4D20800F93C29 = {
						CreatedOnToolsVersion = 10.1;
						TestTargetID = DDEC81A821D4D1FF00F93C29;
					};
					DDEC81C721D4D20900F93C29 = {
						CreatedOnToolsVersion = 10.1;
						TestTargetID = DDEC81A821D4D1FF00F93C29;
					};
				};
			};
			buildConfigurationList = DDEC81A421D4D1FF00F93C29 /* Build configuration list for PBXProject "Sample" */;
			compatibilityVersion = "Xcode 9.3";
			developmentRegion = en;
			hasScannedForEncodings = 0;
			knownRegions = (
				en,
				Base,
			);
			mainGroup = DDEC81A021D4D1FF00F93C29;
			productRefGroup = DDEC81AA21D4D1FF00F93C29 /* Products */;
			projectDirPath = "";
			projectRoot = "";
			targets = (
				DDEC81A821D4D1FF00F93C29 /* Sample */,
				DDEC81BC21D4D20800F93C29 /* SampleTests */,
				DDEC81C721D4D20900F93C29 /* SampleUITests */,
			);
		};
/* End PBXProject section */

/* Begin PBXResourcesBuildPhase section */
		DDEC81A721D4D1FF00F93C29 /* Resources */ = {
			isa = PBXResourcesBuildPhase;
			buildActionMask = 2147483647;
			files = (
				DDEC81B721D4D20800F93C29 /* LaunchScreen.storyboard in Resources */,
				DDEC81B421D4D20800F93C29 /* Assets.xcassets in Resources */,
				DDEC81B221D4D20000F93C29 /* Main.storyboard in Resources */,
			);
			runOnlyForDeploymentPostprocessing = 0;
		};
		DDEC81BB21D4D20800F93C29 /* Resources */ = {
			isa = PBXResourcesBuildPhase;
			buildActionMask = 2147483647;
			files = (
			);
			runOnlyForDeploymentPostprocessing = 0;
		};
		DDEC81C621D4D20900F93C29 /* Resources */ = {
			isa = PBXResourcesBuildPhase;
			buildActionMask = 2147483647;
			files = (
			);
			runOnlyForDeploymentPostprocessing = 0;
		};
/* End PBXResourcesBuildPhase section */

/* Begin PBXSourcesBuildPhase section */
		DDEC81A521D4D1FF00F93C29 /* Sources */ = {
			isa = PBXSourcesBuildPhase;
			buildActionMask = 2147483647;
			files = (
				DDEC81AF21D4D1FF00F93C29 /* ViewController.swift in Sources */,
				DDEC81AD21D4D1FF00F93C29 /* AppDelegate.swift in Sources */,
			);
			runOnlyForDeploymentPostprocessing = 0;
		};
		DDEC81B921D4D20800F93C29 /* Sources */ = {
			isa = PBXSourcesBuildPhase;
			buildActionMask = 2147483647;
			files = (
				DDEC81C221D4D20800F93C29 /* SampleTests.swift in Sources */,
			);
			runOnlyForDeploymentPostprocessing = 0;
		};
		DDEC81C421D4D20900F93C29 /* Sources */ = {
			isa = PBXSourcesBuildPhase;
			buildActionMask = 2147483647;
			files = (
				DDEC81CD21D4D20900F93C29 /* SampleUITests.swift in Sources */,
			);
			runOnlyForDeploymentPostprocessing = 0;
		};
/* End PBXSourcesBuildPhase section */

/* Begin PBXTargetDependency section */
		DDEC81BF21D4D20800F93C29 /* PBXTargetDependency */ = {
			isa = PBXTargetDependency;
			target = DDEC81A821D4D1FF00F93C29 /* Sample */;
			targetProxy = DDEC81BE21D4D20800F93C29 /* PBXContainerItemProxy */;
		};
		DDEC81CA21D4D20900F93C29 /* PBXTargetDependency */ = {
			isa = PBXTargetDependency;
			target = DDEC81A821D4D1FF00F93C29 /* Sample */;
			targetProxy = DDEC81C921D4D20900F93C29 /* PBXContainerItemProxy */;
		};
/* End PBXTargetDependency section */

/* Begin PBXVariantGroup section */
		DDEC81B021D4D20000F93C29 /* Main.storyboard */ = {
			isa = PBXVariantGroup;
			children = (
				DDEC81B121D4D20000F93C29 /* Base */,
			);
			name = Main.storyboard;
			sourceTree = "<group>";
		};
		DDEC81B521D4D20800F93C29 /* LaunchScreen.storyboard */ = {
			isa = PBXVariantGroup;
			children = (
				DDEC81B621D4D20800F93C29 /* Base */,
			);
			name = LaunchScreen.storyboard;
			sourceTree = "<group>";
		};
/* End PBXVariantGroup section */

/* Begin XCBuildConfiguration section */
		DDEC81CF21D4D20900F93C29 /* Debug */ = {
			isa = XCBuildConfiguration;
			buildSettings = {
				ALWAYS_SEARCH_USER_PATHS = NO;
				CLANG_ANALYZER_NONNULL = YES;
				CLANG_ANALYZER_NUMBER_OBJECT_CONVERSION = YES_AGGRESSIVE;
				CLANG_CXX_LANGUAGE_STANDARD = "gnu++14";
				CLANG_CXX_LIBRARY = "libc++";
				CLANG_ENABLE_MODULES = YES;
				CLANG_ENABLE_OBJC_ARC = YES;
				CLANG_ENABLE_OBJC_WEAK = YES;
				CLANG_WARN_BLOCK_CAPTURE_AUTORELEASING = YES;
				CLANG_WARN_BOOL_CONVERSION = YES;
				CLANG_WARN_COMMA = YES;
				CLANG_WARN_CONSTANT_CONVERSION = YES;
				CLANG_WARN_DEPRECATED_OBJC_IMPLEMENTATIONS = YES;
				CLANG_WARN_DIRECT_OBJC_ISA_USAGE = YES_ERROR;
				CLANG_WARN_DOCUMENTATION_COMMENTS = YES;
				CLANG_WARN_EMPTY_BODY = YES;
				CLANG_WARN_ENUM_CONVERSION = YES;
				CLANG_WARN_INFINITE_RECURSION = YES;
				CLANG_WARN_INT_CONVERSION = YES;
				CLANG_WARN_NON_LITERAL_NULL_CONVERSION = YES;
				CLANG_WARN_OBJC_IMPLICIT_RETAIN_SELF = YES;
				CLANG_WARN_OBJC_LITERAL_CONVERSION = YES;
				CLANG_WARN_OBJC_ROOT_CLASS = YES_ERROR;
				CLANG_WARN_RANGE_LOOP_ANALYSIS = YES;
				CLANG_WARN_STRICT_PROTOTYPES = YES;
				CLANG_WARN_SUSPICIOUS_MOVE = YES;
				CLANG_WARN_UNGUARDED_AVAILABILITY = YES_AGGRESSIVE;
				CLANG_WARN_UNREACHABLE_CODE = YES;
				CLANG_WARN__DUPLICATE_METHOD_MATCH = YES;
				CODE_SIGN_IDENTITY = "iPhone Developer";
				COPY_PHASE_STRIP = NO;
				DEBUG_INFORMATION_FORMAT = dwarf;
				ENABLE_STRICT_OBJC_MSGSEND = YES;
				ENABLE_TESTABILITY = YES;
				GCC_C_LANGUAGE_STANDARD = gnu11;
				GCC_DYNAMIC_NO_PIC = NO;
				GCC_NO_COMMON_BLOCKS = YES;
				GCC_OPTIMIZATION_LEVEL = 0;
				GCC_PREPROCESSOR_DEFINITIONS = (
					"DEBUG=1",
					"$(inherited)",
				);
				GCC_WARN_64_TO_32_BIT_CONVERSION = YES;
				GCC_WARN_ABOUT_RETURN_TYPE = YES_ERROR;
				GCC_WARN_UNDECLARED_SELECTOR = YES;
				GCC_WARN_UNINITIALIZED_AUTOS = YES_AGGRESSIVE;
				GCC_WARN_UNUSED_FUNCTION = YES;
				GCC_WARN_UNUSED_VARIABLE = YES;
				IPHONEOS_DEPLOYMENT_TARGET = 12.1;
				MTL_ENABLE_DEBUG_INFO = INCLUDE_SOURCE;
				MTL_FAST_MATH = YES;
				ONLY_ACTIVE_ARCH = YES;
				SDKROOT = iphoneos;
				SWIFT_ACTIVE_COMPILATION_CONDITIONS = DEBUG;
				SWIFT_OPTIMIZATION_LEVEL = "-Onone";
			};
			name = Debug;
		};
		DDEC81D021D4D20900F93C29 /* Release */ = {
			isa = XCBuildConfiguration;
			buildSettings = {
				ALWAYS_SEARCH_USER_PATHS = NO;
				CLANG_ANALYZER_NONNULL = YES;
				CLANG_ANALYZER_NUMBER_OBJECT_CONVERSION = YES_AGGRESSIVE;
				CLANG_CXX_LANGUAGE_STANDARD = "gnu++14";
				CLANG_CXX_LIBRARY = "libc++";
				CLANG_ENABLE_MODULES = YES;
				CLANG_ENABLE_OBJC_ARC = YES;
				CLANG_ENABLE_OBJC_WEAK = YES;
				CLANG_WARN_BLOCK_CAPTURE_AUTORELEASING = YES;
				CLANG_WARN_BOOL_CONVERSION = YES;
				CLANG_WARN_COMMA = YES;
				CLANG_WARN_CONSTANT_CONVERSION = YES;
				CLANG_WARN_DEPRECATED_OBJC_IMPLEMENTATIONS = YES;
				CLANG_WARN_DIRECT_OBJC_ISA_USAGE = YES_ERROR;
				CLANG_WARN_DOCUMENTATION_COMMENTS = YES;
				CLANG_WARN_EMPTY_BODY = YES;
				CLANG_WARN_ENUM_CONVERSION = YES;
				CLANG_WARN_INFINITE_RECURSION = YES;
				CLANG_WARN_INT_CONVERSION = YES;
				CLANG_WARN_NON_LITERAL_NULL_CONVERSION = YES;
				CLANG_WARN_OBJC_IMPLICIT_RETAIN_SELF = YES;
				CLANG_WARN_OBJC_LITERAL_CONVERSION = YES;
				CLANG_WARN_OBJC_ROOT_CLASS = YES_ERROR;
				CLANG_WARN_RANGE_LOOP_ANALYSIS = YES;
				CLANG_WARN_STRICT_PROTOTYPES = YES;
				CLANG_WARN_SUSPICIOUS_MOVE = YES;
				CLANG_WARN_UNGUARDED_AVAILABILITY = YES_AGGRESSIVE;
				CLANG_WARN_UNREACHABLE_CODE = YES;
				CLANG_WARN__DUPLICATE_METHOD_MATCH = YES;
				CODE_SIGN_IDENTITY = "iPhone Developer";
				COPY_PHASE_STRIP = NO;
				DEBUG_INFORMATION_FORMAT = "dwarf-with-dsym";
				ENABLE_NS_ASSERTIONS = NO;
				ENABLE_STRICT_OBJC_MSGSEND = YES;
				GCC_C_LANGUAGE_STANDARD = gnu11;
				GCC_NO_COMMON_BLOCKS = YES;
				GCC_WARN_64_TO_32_BIT_CONVERSION = YES;
				GCC_WARN_ABOUT_RETURN_TYPE = YES_ERROR;
				GCC_WARN_UNDECLARED_SELECTOR = YES;
				GCC_WARN_UNINITIALIZED_AUTOS = YES_AGGRESSIVE;
				GCC_WARN_UNUSED_FUNCTION = YES;
				GCC_WARN_UNUSED_VARIABLE = YES;
				IPHONEOS_DEPLOYMENT_TARGET = 12.1;
				MTL_ENABLE_DEBUG_INFO = NO;
				MTL_FAST_MATH = YES;
				SDKROOT = iphoneos;
				SWIFT_COMPILATION_MODE = wholemodule;
				SWIFT_OPTIMIZATION_LEVEL = "-O";
				VALIDATE_PRODUCT = YES;
			};
			name = Release;
		};
		DDEC81D221D4D20900F93C29 /* Debug */ = {
			isa = XCBuildConfiguration;
			buildSettings = {
				ASSETCATALOG_COMPILER_APPICON_NAME = AppIcon;
				CODE_SIGN_STYLE = Automatic;
				INFOPLIST_FILE = Sample/Info.plist;
				LD_RUNPATH_SEARCH_PATHS = (
					"$(inherited)",
					"@executable_path/Frameworks",
				);
				PRODUCT_BUNDLE_IDENTIFIER = com.cts.Sample;
				PRODUCT_NAME = "$(TARGET_NAME)";
				SWIFT_VERSION = 4.2;
				TARGETED_DEVICE_FAMILY = "1,2";
			};
			name = Debug;
		};
		DDEC81D321D4D20900F93C29 /* Release */ = {
			isa = XCBuildConfiguration;
			buildSettings = {
				ASSETCATALOG_COMPILER_APPICON_NAME = AppIcon;
				CODE_SIGN_STYLE = Automatic;
				INFOPLIST_FILE = Sample/Info.plist;
				LD_RUNPATH_SEARCH_PATHS = (
					"$(inherited)",
					"@executable_path/Frameworks",
				);
				PRODUCT_BUNDLE_IDENTIFIER = com.cts.Sample;
				PRODUCT_NAME = "$(TARGET_NAME)";
				SWIFT_VERSION = 4.2;
				TARGETED_DEVICE_FAMILY = "1,2";
			};
			name = Release;
		};
		DDEC81D521D4D20900F93C29 /* Debug */ = {
			isa = XCBuildConfiguration;
			buildSettings = {
				ALWAYS_EMBED_SWIFT_STANDARD_LIBRARIES = YES;
				BUNDLE_LOADER = "$(TEST_HOST)";
				CODE_SIGN_STYLE = Automatic;
				INFOPLIST_FILE = SampleTests/Info.plist;
				LD_RUNPATH_SEARCH_PATHS = (
					"$(inherited)",
					"@executable_path/Frameworks",
					"@loader_path/Frameworks",
				);
				PRODUCT_BUNDLE_IDENTIFIER = com.cts.SampleTests;
				PRODUCT_NAME = "$(TARGET_NAME)";
				SWIFT_VERSION = 4.2;
				TARGETED_DEVICE_FAMILY = "1,2";
				TEST_HOST = "$(BUILT_PRODUCTS_DIR)/Sample.app/Sample";
			};
			name = Debug;
		};
		DDEC81D621D4D20900F93C29 /* Release */ = {
			isa = XCBuildConfiguration;
			buildSettings = {
				ALWAYS_EMBED_SWIFT_STANDARD_LIBRARIES = YES;
				BUNDLE_LOADER = "$(TEST_HOST)";
				CODE_SIGN_STYLE = Automatic;
				INFOPLIST_FILE = SampleTests/Info.plist;
				LD_RUNPATH_SEARCH_PATHS = (
					"$(inherited)",
					"@executable_path/Frameworks",
					"@loader_path/Frameworks",
				);
				PRODUCT_BUNDLE_IDENTIFIER = com.cts.SampleTests;
				PRODUCT_NAME = "$(TARGET_NAME)";
				SWIFT_VERSION = 4.2;
				TARGETED_DEVICE_FAMILY = "1,2";
				TEST_HOST = "$(BUILT_PRODUCTS_DIR)/Sample.app/Sample";
			};
			name = Release;
		};
		DDEC81D821D4D20900F93C29 /* Debug */ = {
			isa = XCBuildConfiguration;
			buildSettings = {
				ALWAYS_EMBED_SWIFT_STANDARD_LIBRARIES = YES;
				CODE_SIGN_STYLE = Automatic;
				INFOPLIST_FILE = SampleUITests/Info.plist;
				LD_RUNPATH_SEARCH_PATHS = (
					"$(inherited)",
					"@executable_path/Frameworks",
					"@loader_path/Frameworks",
				);
				PRODUCT_BUNDLE_IDENTIFIER = com.cts.SampleUITests;
				PRODUCT_NAME = "$(TARGET_NAME)";
				SWIFT_VERSION = 4.2;
				TARGETED_DEVICE_FAMILY = "1,2";
				TEST_TARGET_NAME = Sample;
			};
			name = Debug;
		};
		DDEC81D921D4D20900F93C29 /* Release */ = {
			isa = XCBuildConfiguration;
			buildSettings = {
				ALWAYS_EMBED_SWIFT_STANDARD_LIBRARIES = YES;
				CODE_SIGN_STYLE = Automatic;
				INFOPLIST_FILE = SampleUITests/Info.plist;
				LD_RUNPATH_SEARCH_PATHS = (
					"$(inherited)",
					"@executable_path/Frameworks",
					"@loader_path/Frameworks",
				);
				PRODUCT_BUNDLE_IDENTIFIER = com.cts.SampleUITests;
				PRODUCT_NAME = "$(TARGET_NAME)";
				SWIFT_VERSION = 4.2;
				TARGETED_DEVICE_FAMILY = "1,2";
				TEST_TARGET_NAME = Sample;
			};
			name = Release;
		};
/* End XCBuildConfiguration section */

/* Begin XCConfigurationList section */
		DDEC81A421D4D1FF00F93C29 /* Build configuration list for PBXProject "Sample" */ = {
			isa = XCConfigurationList;
			buildConfigurations = (
				DDEC81CF21D4D20900F93C29 /* Debug */,
				DDEC81D021D4D20900F93C29 /* Release */,
			);
			defaultConfigurationIsVisible = 0;
			defaultConfigurationName = Release;
		};
		DDEC81D121D4D20900F93C29 /* Build configuration list for PBXNativeTarget "Sample" */ = {
			isa = XCConfigurationList;
			buildConfigurations = (
				DDEC81D221D4D20900F93C29 /* Debug */,
				DDEC81D321D4D20900F93C29 /* Release */,
			);
			defaultConfigurationIsVisible = 0;
			defaultConfigurationName = Release;
		};
		DDEC81D421D4D20900F93C29 /* Build configuration list for PBXNativeTarget "SampleTests" */ = {
			isa = XCConfigurationList;
			buildConfigurations = (
				DDEC81D521D4D20900F93C29 /* Debug */,
				DDEC81D621D4D20900F93C29 /* Release */,
			);
			defaultConfigurationIsVisible = 0;
			defaultConfigurationName = Release;
		};
		DDEC81D721D4D20900F93C29 /* Build configuration list for PBXNativeTarget "SampleUITests" */ = {
			isa = XCConfigurationList;
			buildConfigurations = (
				DDEC81D821D4D20900F93C29 /* Debug */,
				DDEC81D921D4D20900F93C29 /* Release */,
			);
			defaultConfigurationIsVisible = 0;
			defaultConfigurationName = Release;
		};
/* End XCConfigurationList section */
	};
	rootObject = DDEC81A121D4D1FF00F93C29 /* Project object */;
}
